
Microsoft Visual Studio Solution File, Format Version 12.00
# Visual Studio Version 16
VisualStudioVersion = 16.0.33801.447
MinimumVisualStudioVersion = 10.0.40219.1
Project("{FAE04EC0-301F-11D3-BF4B-00C04F79EFBC}") = "WebService", "WebService\WebService.csproj", "{73FEF98B-CDBC-42B9-B771-40E4C4ACCBDF}"
EndProject
Global
	GlobalSection(SolutionConfigurationPlatforms) = preSolution
		Debug|Any CPU = Debug|Any CPU
		Release|Any CPU = Release|Any CPU
	EndGlobalSection
	GlobalSection(ProjectConfigurationPlatforms) = postSolution
		{73FEF98B-CDBC-42B9-B771-40E4C4ACCBDF}.Debug|Any CPU.ActiveCfg = Debug|Any CPU
		{73FEF98B-CDBC-42B9-B771-40E4C4ACCBDF}.Debug|Any CPU.Build.0 = Debug|Any CPU
		{73FEF98B-CDBC-42B9-B771-40E4C4ACCBDF}.Release|Any CPU.ActiveCfg = Release|Any CPU
		{73FEF98B-CDBC-42B9-B771-40E4C4ACCBDF}.Release|Any CPU.Build.0 = Release|Any CPU
	EndGlobalSection
	GlobalSection(SolutionProperties) = preSolution
		HideSolutionNode = FALSE
	EndGlobalSection
	GlobalSection(ExtensibilityGlobals) = postSolution
		SolutionGuid = {EED8BFCC-6C1A-4122-BE14-716D64029993}
	EndGlobalSection
EndGlobal
